
Microsoft Visual Studio Solution File, Format Version 12.00
# Visual Studio 2013
VisualStudioVersion = 12.0.40629.0
MinimumVisualStudioVersion = 10.0.40219.1
Project("{FAE04EC0-301F-11D3-BF4B-00C04F79EFBC}") = "Surat.Business", "Surat.Business\Surat.Business.csproj", "{7B4498A3-8F9D-42E1-83E8-0A6D7FE5581F}"
EndProject
Project("{FAE04EC0-301F-11D3-BF4B-00C04F79EFBC}") = "Surat.Base", "Surat.Base\Surat.Base.csproj", "{ACEFB07C-7868-48C1-B97C-EFAB66222D09}"
EndProject
Project("{FAE04EC0-301F-11D3-BF4B-00C04F79EFBC}") = "Surat.Common", "Surat.Common\Surat.Common.csproj", "{340FC2E4-AD67-428A-B302-9EF7A93DECD1}"
EndProject
Project("{FAE04EC0-301F-11D3-BF4B-00C04F79EFBC}") = "Surat.WebServer", "Surat.Common.Web\Surat.WebServer.csproj", "{9D0D667D-CA82-4608-A811-73B88660F4C5}"
EndProject
Project("{FAE04EC0-301F-11D3-BF4B-00C04F79EFBC}") = "Surat.TestApplication", "Surat.TestApplication\Surat.TestApplication.csproj", "{7557A192-F867-4EA3-B493-98C485E5EA07}"
EndProject
Project("{FAE04EC0-301F-11D3-BF4B-00C04F79EFBC}") = "Surat.Web", "Surat.Web\Surat.Web.csproj", "{73A54991-A224-484F-8E24-87942636D429}"
EndProject
Project("{2150E333-8FDC-42A3-9474-1A3956D46DE8}") = "DocumentManagement", "DocumentManagement", "{839793B8-16DF-4084-8FAE-D8C89F5009E2}"
EndProject
Project("{FAE04EC0-301F-11D3-BF4B-00C04F79EFBC}") = "Surat.Document.Base", "Surat.Document.Base\Surat.Document.Base.csproj", "{101F41A7-9BE3-4752-B2AE-80B5A89B5B9F}"
EndProject
Project("{FAE04EC0-301F-11D3-BF4B-00C04F79EFBC}") = "Surat.Document.Business", "Surat.Document.Business\Surat.Document.Business.csproj", "{8E876FED-6DDC-4031-B8E2-E04FA8B1518C}"
EndProject
Project("{FAE04EC0-301F-11D3-BF4B-00C04F79EFBC}") = "Surat.Document.Common", "Surat.Document.Common\Surat.Document.Common.csproj", "{B1BBF1AB-8821-4585-9552-0EBE3D7BD774}"
EndProject
Project("{2150E333-8FDC-42A3-9474-1A3956D46DE8}") = "Base", "Base", "{9A1503F5-0759-41E1-9AA9-9A0197421892}"
EndProject
Project("{2150E333-8FDC-42A3-9474-1A3956D46DE8}") = "Test", "Test", "{46266F9E-0A01-496E-88AC-5FCBAEFA7828}"
EndProject
Project("{2150E333-8FDC-42A3-9474-1A3956D46DE8}") = "Web", "Web", "{7C003BCA-B8FB-4098-87A6-8E6905CD6717}"
EndProject
Project("{2150E333-8FDC-42A3-9474-1A3956D46DE8}") = "Service", "Service", "{31817215-E9DE-457A-A1E4-28DE1DC97FB2}"
EndProject
Project("{FAE04EC0-301F-11D3-BF4B-00C04F79EFBC}") = "Surat.WebService", "Surat.WebService\Surat.WebService.csproj", "{4677D79F-9F8A-4BDA-AAF9-D897295D7A85}"
EndProject
Project("{FAE04EC0-301F-11D3-BF4B-00C04F79EFBC}") = "Surat.WebService.Base", "Surat.WebService.Base\Surat.WebService.Base.csproj", "{2EF199B9-254B-46AB-943D-175287B7BF6D}"
EndProject
Project("{FAE04EC0-301F-11D3-BF4B-00C04F79EFBC}") = "Surat.WebService.Business", "Surat.WebService.Business\Surat.WebService.Business.csproj", "{65A8D152-8A85-43BE-AE1F-3373959F0F70}"
EndProject
Project("{FAE04EC0-301F-11D3-BF4B-00C04F79EFBC}") = "Surat.WebService.Common", "Surat.WebService.Common\Surat.WebService.Common.csproj", "{4477CC7E-9B12-42FC-8FC9-72E98E9C8719}"
EndProject
Project("{FAE04EC0-301F-11D3-BF4B-00C04F79EFBC}") = "Surat.Framework.Service", "Surat.Framework.Service\Surat.Framework.Service.csproj", "{1EF93BB6-E006-4E8C-9EA7-29A2DA1849B5}"
EndProject
Project("{FAE04EC0-301F-11D3-BF4B-00C04F79EFBC}") = "Surat.WebService.ServiceLayer", "Surat.WebService.ServiceLayer\Surat.WebService.ServiceLayer.csproj", "{49138DE0-7BA5-41A9-BBCD-17896939F76F}"
EndProject
Project("{2150E333-8FDC-42A3-9474-1A3956D46DE8}") = "Integration", "Integration", "{C87614D5-BBB2-449B-A3B2-1A6103649DBB}"
EndProject
Project("{FAE04EC0-301F-11D3-BF4B-00C04F79EFBC}") = "Surat.Serendip.Common", "Surat.Serendip.Common\Surat.Serendip.Common.csproj", "{83F1466E-B8E9-402D-8048-50A1F3E6A317}"
EndProject
Project("{FAE04EC0-301F-11D3-BF4B-00C04F79EFBC}") = "Surat.Serendip.Base", "Surat.Serendip.Base\Surat.Serendip.Base.csproj", "{532F2434-B21B-48B9-961C-10B9AEB8A549}"
EndProject
Project("{FAE04EC0-301F-11D3-BF4B-00C04F79EFBC}") = "Surat.Serendip.Business", "Surat.Serendip.Business\Surat.Serendip.Business.csproj", "{E820BA57-43D1-49F4-B973-D67F38D66E51}"
EndProject
Project("{FAE04EC0-301F-11D3-BF4B-00C04F79EFBC}") = "Surat.Web.Common", "Surat.Web.Common\Surat.Web.Common.csproj", "{ABA335F0-0081-445B-A2EF-0D969A63EB9E}"
EndProject
Project("{2150E333-8FDC-42A3-9474-1A3956D46DE8}") = "KonsolideRapor", "KonsolideRapor", "{68C4BF66-EA01-43F7-87CD-66A0A5A19E0F}"
EndProject
Project("{FAE04EC0-301F-11D3-BF4B-00C04F79EFBC}") = "KonsolideRapor.Base", "KonsolideRapor.Base\KonsolideRapor.Base.csproj", "{4989AEE2-0CEB-4A36-8945-FCB243941B40}"
EndProject
Project("{FAE04EC0-301F-11D3-BF4B-00C04F79EFBC}") = "KonsolideRapor.Business", "KonsolideRapor.Business\KonsolideRapor.Business.csproj", "{F24C4813-F90E-46D7-B425-97E36DB6B539}"
EndProject
Project("{FAE04EC0-301F-11D3-BF4B-00C04F79EFBC}") = "KonsolideRapor.Common", "KonsolideRapor.Common\KonsolideRapor.Common.csproj", "{D8107173-D9AC-42CF-83D0-A922E6E8CE48}"
EndProject
Project("{2150E333-8FDC-42A3-9474-1A3956D46DE8}") = "KonsolideRaporWeb", "KonsolideRaporWeb", "{AD721884-F03B-4215-93AF-CA3AF12EC86E}"
EndProject
Project("{FAE04EC0-301F-11D3-BF4B-00C04F79EFBC}") = "KonsolideRapor.Web", "Konsolide.Web\KonsolideRapor.Web.csproj", "{CE6D57BA-E342-425F-9485-34AA06FAC612}"
EndProject
Project("{FAE04EC0-301F-11D3-BF4B-00C04F79EFBC}") = "KonsolideRapor.Web.Common", "Konsolide.Web.Common\KonsolideRapor.Web.Common.csproj", "{FAB4469A-97EB-4BDB-91BA-DA32867304C3}"
EndProject
Project("{FAE04EC0-301F-11D3-BF4B-00C04F79EFBC}") = "KonsolideRapor.WebServer", "Konsolide.WebServer\KonsolideRapor.WebServer.csproj", "{A0EB6CF4-0FF3-4463-8178-E56222C2C84C}"
EndProject
Global
	GlobalSection(SolutionConfigurationPlatforms) = preSolution
		Debug|Any CPU = Debug|Any CPU
		Release|Any CPU = Release|Any CPU
	EndGlobalSection
	GlobalSection(ProjectConfigurationPlatforms) = postSolution
		{7B4498A3-8F9D-42E1-83E8-0A6D7FE5581F}.Debug|Any CPU.ActiveCfg = Debug|Any CPU
		{7B4498A3-8F9D-42E1-83E8-0A6D7FE5581F}.Debug|Any CPU.Build.0 = Debug|Any CPU
		{7B4498A3-8F9D-42E1-83E8-0A6D7FE5581F}.Release|Any CPU.ActiveCfg = Release|Any CPU
		{7B4498A3-8F9D-42E1-83E8-0A6D7FE5581F}.Release|Any CPU.Build.0 = Release|Any CPU
		{ACEFB07C-7868-48C1-B97C-EFAB66222D09}.Debug|Any CPU.ActiveCfg = Debug|Any CPU
		{ACEFB07C-7868-48C1-B97C-EFAB66222D09}.Debug|Any CPU.Build.0 = Debug|Any CPU
		{ACEFB07C-7868-48C1-B97C-EFAB66222D09}.Release|Any CPU.ActiveCfg = Release|Any CPU
		{ACEFB07C-7868-48C1-B97C-EFAB66222D09}.Release|Any CPU.Build.0 = Release|Any CPU
		{340FC2E4-AD67-428A-B302-9EF7A93DECD1}.Debug|Any CPU.ActiveCfg = Debug|Any CPU
		{340FC2E4-AD67-428A-B302-9EF7A93DECD1}.Debug|Any CPU.Build.0 = Debug|Any CPU
		{340FC2E4-AD67-428A-B302-9EF7A93DECD1}.Release|Any CPU.ActiveCfg = Release|Any CPU
		{340FC2E4-AD67-428A-B302-9EF7A93DECD1}.Release|Any CPU.Build.0 = Release|Any CPU
		{9D0D667D-CA82-4608-A811-73B88660F4C5}.Debug|Any CPU.ActiveCfg = Debug|Any CPU
		{9D0D667D-CA82-4608-A811-73B88660F4C5}.Debug|Any CPU.Build.0 = Debug|Any CPU
		{9D0D667D-CA82-4608-A811-73B88660F4C5}.Release|Any CPU.ActiveCfg = Release|Any CPU
		{9D0D667D-CA82-4608-A811-73B88660F4C5}.Release|Any CPU.Build.0 = Release|Any CPU
		{7557A192-F867-4EA3-B493-98C485E5EA07}.Debug|Any CPU.ActiveCfg = Debug|Any CPU
		{7557A192-F867-4EA3-B493-98C485E5EA07}.Debug|Any CPU.Build.0 = Debug|Any CPU
		{7557A192-F867-4EA3-B493-98C485E5EA07}.Release|Any CPU.ActiveCfg = Release|Any CPU
		{7557A192-F867-4EA3-B493-98C485E5EA07}.Release|Any CPU.Build.0 = Release|Any CPU
		{73A54991-A224-484F-8E24-87942636D429}.Debug|Any CPU.ActiveCfg = Debug|Any CPU
		{73A54991-A224-484F-8E24-87942636D429}.Debug|Any CPU.Build.0 = Debug|Any CPU
		{73A54991-A224-484F-8E24-87942636D429}.Release|Any CPU.ActiveCfg = Release|Any CPU
		{73A54991-A224-484F-8E24-87942636D429}.Release|Any CPU.Build.0 = Release|Any CPU
		{101F41A7-9BE3-4752-B2AE-80B5A89B5B9F}.Debug|Any CPU.ActiveCfg = Debug|Any CPU
		{101F41A7-9BE3-4752-B2AE-80B5A89B5B9F}.Debug|Any CPU.Build.0 = Debug|Any CPU
		{101F41A7-9BE3-4752-B2AE-80B5A89B5B9F}.Release|Any CPU.ActiveCfg = Release|Any CPU
		{101F41A7-9BE3-4752-B2AE-80B5A89B5B9F}.Release|Any CPU.Build.0 = Release|Any CPU
		{8E876FED-6DDC-4031-B8E2-E04FA8B1518C}.Debug|Any CPU.ActiveCfg = Debug|Any CPU
		{8E876FED-6DDC-4031-B8E2-E04FA8B1518C}.Debug|Any CPU.Build.0 = Debug|Any CPU
		{8E876FED-6DDC-4031-B8E2-E04FA8B1518C}.Release|Any CPU.ActiveCfg = Release|Any CPU
		{8E876FED-6DDC-4031-B8E2-E04FA8B1518C}.Release|Any CPU.Build.0 = Release|Any CPU
		{B1BBF1AB-8821-4585-9552-0EBE3D7BD774}.Debug|Any CPU.ActiveCfg = Debug|Any CPU
		{B1BBF1AB-8821-4585-9552-0EBE3D7BD774}.Debug|Any CPU.Build.0 = Debug|Any CPU
		{B1BBF1AB-8821-4585-9552-0EBE3D7BD774}.Release|Any CPU.ActiveCfg = Release|Any CPU
		{B1BBF1AB-8821-4585-9552-0EBE3D7BD774}.Release|Any CPU.Build.0 = Release|Any CPU
		{4677D79F-9F8A-4BDA-AAF9-D897295D7A85}.Debug|Any CPU.ActiveCfg = Debug|Any CPU
		{4677D79F-9F8A-4BDA-AAF9-D897295D7A85}.Debug|Any CPU.Build.0 = Debug|Any CPU
		{4677D79F-9F8A-4BDA-AAF9-D897295D7A85}.Release|Any CPU.ActiveCfg = Release|Any CPU
		{4677D79F-9F8A-4BDA-AAF9-D897295D7A85}.Release|Any CPU.Build.0 = Release|Any CPU
		{2EF199B9-254B-46AB-943D-175287B7BF6D}.Debug|Any CPU.ActiveCfg = Debug|Any CPU
		{2EF199B9-254B-46AB-943D-175287B7BF6D}.Debug|Any CPU.Build.0 = Debug|Any CPU
		{2EF199B9-254B-46AB-943D-175287B7BF6D}.Release|Any CPU.ActiveCfg = Release|Any CPU
		{2EF199B9-254B-46AB-943D-175287B7BF6D}.Release|Any CPU.Build.0 = Release|Any CPU
		{65A8D152-8A85-43BE-AE1F-3373959F0F70}.Debug|Any CPU.ActiveCfg = Debug|Any CPU
		{65A8D152-8A85-43BE-AE1F-3373959F0F70}.Debug|Any CPU.Build.0 = Debug|Any CPU
		{65A8D152-8A85-43BE-AE1F-3373959F0F70}.Release|Any CPU.ActiveCfg = Release|Any CPU
		{65A8D152-8A85-43BE-AE1F-3373959F0F70}.Release|Any CPU.Build.0 = Release|Any CPU
		{4477CC7E-9B12-42FC-8FC9-72E98E9C8719}.Debug|Any CPU.ActiveCfg = Debug|Any CPU
		{4477CC7E-9B12-42FC-8FC9-72E98E9C8719}.Debug|Any CPU.Build.0 = Debug|Any CPU
		{4477CC7E-9B12-42FC-8FC9-72E98E9C8719}.Release|Any CPU.ActiveCfg = Release|Any CPU
		{4477CC7E-9B12-42FC-8FC9-72E98E9C8719}.Release|Any CPU.Build.0 = Release|Any CPU
		{1EF93BB6-E006-4E8C-9EA7-29A2DA1849B5}.Debug|Any CPU.ActiveCfg = Debug|Any CPU
		{1EF93BB6-E006-4E8C-9EA7-29A2DA1849B5}.Debug|Any CPU.Build.0 = Debug|Any CPU
		{1EF93BB6-E006-4E8C-9EA7-29A2DA1849B5}.Release|Any CPU.ActiveCfg = Release|Any CPU
		{1EF93BB6-E006-4E8C-9EA7-29A2DA1849B5}.Release|Any CPU.Build.0 = Release|Any CPU
		{49138DE0-7BA5-41A9-BBCD-17896939F76F}.Debug|Any CPU.ActiveCfg = Debug|Any CPU
		{49138DE0-7BA5-41A9-BBCD-17896939F76F}.Debug|Any CPU.Build.0 = Debug|Any CPU
		{49138DE0-7BA5-41A9-BBCD-17896939F76F}.Release|Any CPU.ActiveCfg = Release|Any CPU
		{49138DE0-7BA5-41A9-BBCD-17896939F76F}.Release|Any CPU.Build.0 = Release|Any CPU
		{83F1466E-B8E9-402D-8048-50A1F3E6A317}.Debug|Any CPU.ActiveCfg = Debug|Any CPU
		{83F1466E-B8E9-402D-8048-50A1F3E6A317}.Debug|Any CPU.Build.0 = Debug|Any CPU
		{83F1466E-B8E9-402D-8048-50A1F3E6A317}.Release|Any CPU.ActiveCfg = Release|Any CPU
		{83F1466E-B8E9-402D-8048-50A1F3E6A317}.Release|Any CPU.Build.0 = Release|Any CPU
		{532F2434-B21B-48B9-961C-10B9AEB8A549}.Debug|Any CPU.ActiveCfg = Debug|Any CPU
		{532F2434-B21B-48B9-961C-10B9AEB8A549}.Debug|Any CPU.Build.0 = Debug|Any CPU
		{532F2434-B21B-48B9-961C-10B9AEB8A549}.Release|Any CPU.ActiveCfg = Release|Any CPU
		{532F2434-B21B-48B9-961C-10B9AEB8A549}.Release|Any CPU.Build.0 = Release|Any CPU
		{E820BA57-43D1-49F4-B973-D67F38D66E51}.Debug|Any CPU.ActiveCfg = Debug|Any CPU
		{E820BA57-43D1-49F4-B973-D67F38D66E51}.Debug|Any CPU.Build.0 = Debug|Any CPU
		{E820BA57-43D1-49F4-B973-D67F38D66E51}.Release|Any CPU.ActiveCfg = Release|Any CPU
		{E820BA57-43D1-49F4-B973-D67F38D66E51}.Release|Any CPU.Build.0 = Release|Any CPU
		{ABA335F0-0081-445B-A2EF-0D969A63EB9E}.Debug|Any CPU.ActiveCfg = Debug|Any CPU
		{ABA335F0-0081-445B-A2EF-0D969A63EB9E}.Debug|Any CPU.Build.0 = Debug|Any CPU
		{ABA335F0-0081-445B-A2EF-0D969A63EB9E}.Release|Any CPU.ActiveCfg = Release|Any CPU
		{ABA335F0-0081-445B-A2EF-0D969A63EB9E}.Release|Any CPU.Build.0 = Release|Any CPU
		{4989AEE2-0CEB-4A36-8945-FCB243941B40}.Debug|Any CPU.ActiveCfg = Debug|Any CPU
		{4989AEE2-0CEB-4A36-8945-FCB243941B40}.Debug|Any CPU.Build.0 = Debug|Any CPU
		{4989AEE2-0CEB-4A36-8945-FCB243941B40}.Release|Any CPU.ActiveCfg = Release|Any CPU
		{4989AEE2-0CEB-4A36-8945-FCB243941B40}.Release|Any CPU.Build.0 = Release|Any CPU
		{F24C4813-F90E-46D7-B425-97E36DB6B539}.Debug|Any CPU.ActiveCfg = Debug|Any CPU
		{F24C4813-F90E-46D7-B425-97E36DB6B539}.Debug|Any CPU.Build.0 = Debug|Any CPU
		{F24C4813-F90E-46D7-B425-97E36DB6B539}.Release|Any CPU.ActiveCfg = Release|Any CPU
		{F24C4813-F90E-46D7-B425-97E36DB6B539}.Release|Any CPU.Build.0 = Release|Any CPU
		{D8107173-D9AC-42CF-83D0-A922E6E8CE48}.Debug|Any CPU.ActiveCfg = Debug|Any CPU
		{D8107173-D9AC-42CF-83D0-A922E6E8CE48}.Debug|Any CPU.Build.0 = Debug|Any CPU
		{D8107173-D9AC-42CF-83D0-A922E6E8CE48}.Release|Any CPU.ActiveCfg = Release|Any CPU
		{D8107173-D9AC-42CF-83D0-A922E6E8CE48}.Release|Any CPU.Build.0 = Release|Any CPU
		{CE6D57BA-E342-425F-9485-34AA06FAC612}.Debug|Any CPU.ActiveCfg = Debug|Any CPU
		{CE6D57BA-E342-425F-9485-34AA06FAC612}.Debug|Any CPU.Build.0 = Debug|Any CPU
		{CE6D57BA-E342-425F-9485-34AA06FAC612}.Release|Any CPU.ActiveCfg = Release|Any CPU
		{CE6D57BA-E342-425F-9485-34AA06FAC612}.Release|Any CPU.Build.0 = Release|Any CPU
		{FAB4469A-97EB-4BDB-91BA-DA32867304C3}.Debug|Any CPU.ActiveCfg = Debug|Any CPU
		{FAB4469A-97EB-4BDB-91BA-DA32867304C3}.Debug|Any CPU.Build.0 = Debug|Any CPU
		{FAB4469A-97EB-4BDB-91BA-DA32867304C3}.Release|Any CPU.ActiveCfg = Release|Any CPU
		{FAB4469A-97EB-4BDB-91BA-DA32867304C3}.Release|Any CPU.Build.0 = Release|Any CPU
		{A0EB6CF4-0FF3-4463-8178-E56222C2C84C}.Debug|Any CPU.ActiveCfg = Debug|Any CPU
		{A0EB6CF4-0FF3-4463-8178-E56222C2C84C}.Debug|Any CPU.Build.0 = Debug|Any CPU
		{A0EB6CF4-0FF3-4463-8178-E56222C2C84C}.Release|Any CPU.ActiveCfg = Release|Any CPU
		{A0EB6CF4-0FF3-4463-8178-E56222C2C84C}.Release|Any CPU.Build.0 = Release|Any CPU
	EndGlobalSection
	GlobalSection(SolutionProperties) = preSolution
		HideSolutionNode = FALSE
	EndGlobalSection
	GlobalSection(NestedProjects) = preSolution
		{7B4498A3-8F9D-42E1-83E8-0A6D7FE5581F} = {9A1503F5-0759-41E1-9AA9-9A0197421892}
		{ACEFB07C-7868-48C1-B97C-EFAB66222D09} = {9A1503F5-0759-41E1-9AA9-9A0197421892}
		{340FC2E4-AD67-428A-B302-9EF7A93DECD1} = {9A1503F5-0759-41E1-9AA9-9A0197421892}
		{9D0D667D-CA82-4608-A811-73B88660F4C5} = {7C003BCA-B8FB-4098-87A6-8E6905CD6717}
		{7557A192-F867-4EA3-B493-98C485E5EA07} = {46266F9E-0A01-496E-88AC-5FCBAEFA7828}
		{73A54991-A224-484F-8E24-87942636D429} = {7C003BCA-B8FB-4098-87A6-8E6905CD6717}
		{101F41A7-9BE3-4752-B2AE-80B5A89B5B9F} = {839793B8-16DF-4084-8FAE-D8C89F5009E2}
		{8E876FED-6DDC-4031-B8E2-E04FA8B1518C} = {839793B8-16DF-4084-8FAE-D8C89F5009E2}
		{B1BBF1AB-8821-4585-9552-0EBE3D7BD774} = {839793B8-16DF-4084-8FAE-D8C89F5009E2}
		{4677D79F-9F8A-4BDA-AAF9-D897295D7A85} = {31817215-E9DE-457A-A1E4-28DE1DC97FB2}
		{2EF199B9-254B-46AB-943D-175287B7BF6D} = {31817215-E9DE-457A-A1E4-28DE1DC97FB2}
		{65A8D152-8A85-43BE-AE1F-3373959F0F70} = {31817215-E9DE-457A-A1E4-28DE1DC97FB2}
		{4477CC7E-9B12-42FC-8FC9-72E98E9C8719} = {31817215-E9DE-457A-A1E4-28DE1DC97FB2}
		{1EF93BB6-E006-4E8C-9EA7-29A2DA1849B5} = {31817215-E9DE-457A-A1E4-28DE1DC97FB2}
		{49138DE0-7BA5-41A9-BBCD-17896939F76F} = {31817215-E9DE-457A-A1E4-28DE1DC97FB2}
		{83F1466E-B8E9-402D-8048-50A1F3E6A317} = {C87614D5-BBB2-449B-A3B2-1A6103649DBB}
		{532F2434-B21B-48B9-961C-10B9AEB8A549} = {C87614D5-BBB2-449B-A3B2-1A6103649DBB}
		{E820BA57-43D1-49F4-B973-D67F38D66E51} = {C87614D5-BBB2-449B-A3B2-1A6103649DBB}
		{ABA335F0-0081-445B-A2EF-0D969A63EB9E} = {7C003BCA-B8FB-4098-87A6-8E6905CD6717}
		{4989AEE2-0CEB-4A36-8945-FCB243941B40} = {68C4BF66-EA01-43F7-87CD-66A0A5A19E0F}
		{F24C4813-F90E-46D7-B425-97E36DB6B539} = {68C4BF66-EA01-43F7-87CD-66A0A5A19E0F}
		{D8107173-D9AC-42CF-83D0-A922E6E8CE48} = {68C4BF66-EA01-43F7-87CD-66A0A5A19E0F}
		{CE6D57BA-E342-425F-9485-34AA06FAC612} = {AD721884-F03B-4215-93AF-CA3AF12EC86E}
		{FAB4469A-97EB-4BDB-91BA-DA32867304C3} = {AD721884-F03B-4215-93AF-CA3AF12EC86E}
		{A0EB6CF4-0FF3-4463-8178-E56222C2C84C} = {AD721884-F03B-4215-93AF-CA3AF12EC86E}
	EndGlobalSection
EndGlobal
